// !$*UTF8*$!
{
	archiveVersion = 1;
	classes = {
	};
	objectVersion = 46;
	objects = {

/* Begin PBXBuildFile section */
		84259E051D9219E80098919D /* AppDelegate.swift in Sources */ = {isa = PBXBuildFile; fileRef = 84259E041D9219E80098919D /* AppDelegate.swift */; };
		84259E071D9219E80098919D /* ViewController.swift in Sources */ = {isa = PBXBuildFile; fileRef = 84259E061D9219E80098919D /* ViewController.swift */; };
		84259E0A1D9219E80098919D /* Main.storyboard in Resources */ = {isa = PBXBuildFile; fileRef = 84259E081D9219E80098919D /* Main.storyboard */; };
		84259E0C1D9219E80098919D /* Assets.xcassets in Resources */ = {isa = PBXBuildFile; fileRef = 84259E0B1D9219E80098919D /* Assets.xcassets */; };
		84259E0F1D9219E80098919D /* LaunchScreen.storyboard in Resources */ = {isa = PBXBuildFile; fileRef = 84259E0D1D9219E80098919D /* LaunchScreen.storyboard */; };
		84259E1A1D9219E80098919D /* sandboxTests.swift in Sources */ = {isa = PBXBuildFile; fileRef = 84259E191D9219E80098919D /* sandboxTests.swift */; };
/* End PBXBuildFile section */

/* Begin PBXContainerItemProxy section */
		84259E161D9219E80098919D /* PBXContainerItemProxy */ = {
			isa = PBXContainerItemProxy;
			containerPortal = 84259DF91D9219E80098919D /* Project object */;
			proxyType = 1;
			remoteGlobalIDString = 84259E001D9219E80098919D;
			remoteInfo = sandbox;
		};
/* End PBXContainerItemProxy section */

/* Begin PBXFileReference section */
		84259E011D9219E80098919D /* sandbox.app */ = {isa = PBXFileReference; explicitFileType = wrapper.application; includeInIndex = 0; path = sandbox.app; sourceTree = BUILT_PRODUCTS_DIR; };
		84259E041D9219E80098919D /* AppDelegate.swift */ = {isa = PBXFileReference; lastKnownFileType = sourcecode.swift; path = AppDelegate.swift; sourceTree = "<group>"; };
		84259E061D9219E80098919D /* ViewController.swift */ = {isa = PBXFileReference; lastKnownFileType = sourcecode.swift; path = ViewController.swift; sourceTree = "<group>"; };
		84259E091D9219E80098919D /* Base */ = {isa = PBXFileReference; lastKnownFileType = file.storyboard; name = Base; path = Base.lproj/Main.storyboard; sourceTree = "<group>"; };
		84259E0B1D9219E80098919D /* Assets.xcassets */ = {isa = PBXFileReference; lastKnownFileType = folder.assetcatalog; path = Assets.xcassets; sourceTree = "<group>"; };
		84259E0E1D9219E80098919D /* Base */ = {isa = PBXFileReference; lastKnownFileType = file.storyboard; name = Base; path = Base.lproj/LaunchScreen.storyboard; sourceTree = "<group>"; };
		84259E101D9219E80098919D /* Info.plist */ = {isa = PBXFileReference; lastKnownFileType = text.plist.xml; path = Info.plist; sourceTree = "<group>"; };
		84259E151D9219E80098919D /* sandboxTests.xctest */ = {isa = PBXFileReference; explicitFileType = wrapper.cfbundle; includeInIndex = 0; path = sandboxTests.xctest; sourceTree = BUILT_PRODUCTS_DIR; };
		84259E191D9219E80098919D /* sandboxTests.swift */ = {isa = PBXFileReference; lastKnownFileType = sourcecode.swift; path = sandboxTests.swift; sourceTree = "<group>"; };
		84259E1B1D9219E80098919D /* Info.plist */ = {isa = PBXFileReference; lastKnownFileType = text.plist.xml; path = Info.plist; sourceTree = "<group>"; };
/* End PBXFileReference section */

/* Begin PBXFrameworksBuildPhase section */
		84259DFE1D9219E80098919D /* Frameworks */ = {
			isa = PBXFrameworksBuildPhase;
			buildActionMask = 2147483647;
			files = (
			);
			runOnlyForDeploymentPostprocessing = 0;
		};
		84259E121D9219E80098919D /* Frameworks */ = {
			isa = PBXFrameworksBuildPhase;
			buildActionMask = 2147483647;
			files = (
			);
			runOnlyForDeploymentPostprocessing = 0;
		};
/* End PBXFrameworksBuildPhase section */

/* Begin PBXGroup section */
		84259DF81D9219E80098919D = {
			isa = PBXGroup;
			children = (
				84259E031D9219E80098919D /* sandbox */,
				84259E181D9219E80098919D /* sandboxTests */,
				84259E021D9219E80098919D /* Products */,
			);
			sourceTree = "<group>";
		};
		84259E021D9219E80098919D /* Products */ = {
			isa = PBXGroup;
			children = (
				84259E011D9219E80098919D /* sandbox.app */,
				84259E151D9219E80098919D /* sandboxTests.xctest */,
			);
			name = Products;
			sourceTree = "<group>";
		};
		84259E031D9219E80098919D /* sandbox */ = {
			isa = PBXGroup;
			children = (
				84259E041D9219E80098919D /* AppDelegate.swift */,
				84259E061D9219E80098919D /* ViewController.swift */,
				84259E081D9219E80098919D /* Main.storyboard */,
				84259E0B1D9219E80098919D /* Assets.xcassets */,
				84259E0D1D9219E80098919D /* LaunchScreen.storyboard */,
				84259E101D9219E80098919D /* Info.plist */,
			);
			path = sandbox;
			sourceTree = "<group>";
		};
		84259E181D9219E80098919D /* sandboxTests */ = {
			isa = PBXGroup;
			children = (
				84259E191D9219E80098919D /* sandboxTests.swift */,
				84259E1B1D9219E80098919D /* Info.plist */,
			);
			path = sandboxTests;
			sourceTree = "<group>";
		};
/* End PBXGroup section */

/* Begin PBXNativeTarget section */
		84259E001D9219E80098919D /* sandbox */ = {
			isa = PBXNativeTarget;
			buildConfigurationList = 84259E1E1D9219E80098919D /* Build configuration list for PBXNativeTarget "sandbox" */;
			buildPhases = (
				84259DFD1D9219E80098919D /* Sources */,
				84259DFE1D9219E80098919D /* Frameworks */,
				84259DFF1D9219E80098919D /* Resources */,
			);
			buildRules = (
			);
			dependencies = (
			);
			name = sandbox;
			productName = sandbox;
			productReference = 84259E011D9219E80098919D /* sandbox.app */;
			productType = "com.apple.product-type.application";
		};
		84259E141D9219E80098919D /* sandboxTests */ = {
			isa = PBXNativeTarget;
			buildConfigurationList = 84259E211D9219E80098919D /* Build configuration list for PBXNativeTarget "sandboxTests" */;
			buildPhases = (
				84259E111D9219E80098919D /* Sources */,
				84259E121D9219E80098919D /* Frameworks */,
				84259E131D9219E80098919D /* Resources */,
			);
			buildRules = (
			);
			dependencies = (
				84259E171D9219E80098919D /* PBXTargetDependency */,
			);
			name = sandboxTests;
			productName = sandboxTests;
			productReference = 84259E151D9219E80098919D /* sandboxTests.xctest */;
			productType = "com.apple.product-type.bundle.unit-test";
		};
/* End PBXNativeTarget section */

/* Begin PBXProject section */
		84259DF91D9219E80098919D /* Project object */ = {
			isa = PBXProject;
			attributes = {
				LastSwiftUpdateCheck = 0800;
				LastUpgradeCheck = 0800;
				ORGANIZATIONNAME = "Kousha moaveninejad";
				TargetAttributes = {
					84259E001D9219E80098919D = {
						CreatedOnToolsVersion = 8.0;
						DevelopmentTeam = 34CXDU7686;
						ProvisioningStyle = Automatic;
					};
					84259E141D9219E80098919D = {
						CreatedOnToolsVersion = 8.0;
						DevelopmentTeam = 34CXDU7686;
						ProvisioningStyle = Automatic;
						TestTargetID = 84259E001D9219E80098919D;
					};
				};
			};
			buildConfigurationList = 84259DFC1D9219E80098919D /* Build configuration list for PBXProject "sandbox" */;
			compatibilityVersion = "Xcode 3.2";
			developmentRegion = English;
			hasScannedForEncodings = 0;
			knownRegions = (
				en,
				Base,
			);
			mainGroup = 84259DF81D9219E80098919D;
			productRefGroup = 84259E021D9219E80098919D /* Products */;
			projectDirPath = "";
			projectRoot = "";
			targets = (
				84259E001D9219E80098919D /* sandbox */,
				84259E141D9219E80098919D /* sandboxTests */,
			);
		};
/* End PBXProject section */

/* Begin PBXResourcesBuildPhase section */
		84259DFF1D9219E80098919D /* Resources */ = {
			isa = PBXResourcesBuildPhase;
			buildActionMask = 2147483647;
			files = (
				84259E0F1D9219E80098919D /* LaunchScreen.storyboard in Resources */,
				84259E0C1D9219E80098919D /* Assets.xcassets in Resources */,
				84259E0A1D9219E80098919D /* Main.storyboard in Resources */,
			);
			runOnlyForDeploymentPostprocessing = 0;
		};
		84259E131D9219E80098919D /* Resources */ = {
			isa = PBXResourcesBuildPhase;
			buildActionMask = 2147483647;
			files = (
			);
			runOnlyForDeploymentPostprocessing = 0;
		};
/* End PBXResourcesBuildPhase section */

/* Begin PBXSourcesBuildPhase section */
		84259DFD1D9219E80098919D /* Sources */ = {
			isa = PBXSourcesBuildPhase;
			buildActionMask = 2147483647;
			files = (
				84259E071D9219E80098919D /* ViewController.swift in Sources */,
				84259E051D9219E80098919D /* AppDelegate.swift in Sources */,
			);
			runOnlyForDeploymentPostprocessing = 0;
		};
		84259E111D9219E80098919D /* Sources */ = {
			isa = PBXSourcesBuildPhase;
			buildActionMask = 2147483647;
			files = (
				84259E1A1D9219E80098919D /* sandboxTests.swift in Sources */,
			);
			runOnlyForDeploymentPostprocessing = 0;
		};
/* End PBXSourcesBuildPhase section */

/* Begin PBXTargetDependency section */
		84259E171D9219E80098919D /* PBXTargetDependency */ = {
			isa = PBXTargetDependency;
			target = 84259E001D9219E80098919D /* sandbox */;
			targetProxy = 84259E161D9219E80098919D /* PBXContainerItemProxy */;
		};
/* End PBXTargetDependency section */

/* Begin PBXVariantGroup section */
		84259E081D9219E80098919D /* Main.storyboard */ = {
			isa = PBXVariantGroup;
			children = (
				84259E091D9219E80098919D /* Base */,
			);
			name = Main.storyboard;
			sourceTree = "<group>";
		};
		84259E0D1D9219E80098919D /* LaunchScreen.storyboard */ = {
			isa = PBXVariantGroup;
			children = (
				84259E0E1D9219E80098919D /* Base */,
			);
			name = LaunchScreen.storyboard;
			sourceTree = "<group>";
		};
/* End PBXVariantGroup section */

/* Begin XCBuildConfiguration section */
		84259E1C1D9219E80098919D /* Debug */ = {
			isa = XCBuildConfiguration;
			buildSettings = {
				ALWAYS_SEARCH_USER_PATHS = NO;
				CLANG_ANALYZER_NONNULL = YES;
				CLANG_CXX_LANGUAGE_STANDARD = "gnu++0x";
				CLANG_CXX_LIBRARY = "libc++";
				CLANG_ENABLE_MODULES = YES;
				CLANG_ENABLE_OBJC_ARC = YES;
				CLANG_WARN_BOOL_CONVERSION = YES;
				CLANG_WARN_CONSTANT_CONVERSION = YES;
				CLANG_WARN_DIRECT_OBJC_ISA_USAGE = YES_ERROR;
				CLANG_WARN_DOCUMENTATION_COMMENTS = YES;
				CLANG_WARN_EMPTY_BODY = YES;
				CLANG_WARN_ENUM_CONVERSION = YES;
				CLANG_WARN_INFINITE_RECURSION = YES;
				CLANG_WARN_INT_CONVERSION = YES;
				CLANG_WARN_OBJC_ROOT_CLASS = YES_ERROR;
				CLANG_WARN_SUSPICIOUS_MOVES = YES;
				CLANG_WARN_UNREACHABLE_CODE = YES;
				CLANG_WARN__DUPLICATE_METHOD_MATCH = YES;
				"CODE_SIGN_IDENTITY[sdk=iphoneos*]" = "iPhone Developer";
				COPY_PHASE_STRIP = NO;
				DEBUG_INFORMATION_FORMAT = dwarf;
				ENABLE_STRICT_OBJC_MSGSEND = YES;
				ENABLE_TESTABILITY = YES;
				GCC_C_LANGUAGE_STANDARD = gnu99;
				GCC_DYNAMIC_NO_PIC = NO;
				GCC_NO_COMMON_BLOCKS = YES;
				GCC_OPTIMIZATION_LEVEL = 0;
				GCC_PREPROCESSOR_DEFINITIONS = (
					"DEBUG=1",
					"$(inherited)",
				);
				GCC_WARN_64_TO_32_BIT_CONVERSION = YES;
				GCC_WARN_ABOUT_RETURN_TYPE = YES_ERROR;
				GCC_WARN_UNDECLARED_SELECTOR = YES;
				GCC_WARN_UNINITIALIZED_AUTOS = YES_AGGRESSIVE;
				GCC_WARN_UNUSED_FUNCTION = YES;
				GCC_WARN_UNUSED_VARIABLE = YES;
				IPHONEOS_DEPLOYMENT_TARGET = 10.0;
				MTL_ENABLE_DEBUG_INFO = YES;
				ONLY_ACTIVE_ARCH = YES;
				SDKROOT = iphoneos;
				SWIFT_ACTIVE_COMPILATION_CONDITIONS = DEBUG;
				SWIFT_OPTIMIZATION_LEVEL = "-Onone";
				TARGETED_DEVICE_FAMILY = "1,2";
			};
			name = Debug;
		};
		84259E1D1D9219E80098919D /* Release */ = {
			isa = XCBuildConfiguration;
			buildSettings = {
				ALWAYS_SEARCH_USER_PATHS = NO;
				CLANG_ANALYZER_NONNULL = YES;
				CLANG_CXX_LANGUAGE_STANDARD = "gnu++0x";
				CLANG_CXX_LIBRARY = "libc++";
				CLANG_ENABLE_MODULES = YES;
				CLANG_ENABLE_OBJC_ARC = YES;
				CLANG_WARN_BOOL_CONVERSION = YES;
				CLANG_WARN_CONSTANT_CONVERSION = YES;
				CLANG_WARN_DIRECT_OBJC_ISA_USAGE = YES_ERROR;
				CLANG_WARN_DOCUMENTATION_COMMENTS = YES;
				CLANG_WARN_EMPTY_BODY = YES;
				CLANG_WARN_ENUM_CONVERSION = YES;
				CLANG_WARN_INFINITE_RECURSION = YES;
				CLANG_WARN_INT_CONVERSION = YES;
				CLANG_WARN_OBJC_ROOT_CLASS = YES_ERROR;
				CLANG_WARN_SUSPICIOUS_MOVES = YES;
				CLANG_WARN_UNREACHABLE_CODE = YES;
				CLANG_WARN__DUPLICATE_METHOD_MATCH = YES;
				"CODE_SIGN_IDENTITY[sdk=iphoneos*]" = "iPhone Developer";
				COPY_PHASE_STRIP = NO;
				DEBUG_INFORMATION_FORMAT = "dwarf-with-dsym";
				ENABLE_NS_ASSERTIONS = NO;
				ENABLE_STRICT_OBJC_MSGSEND = YES;
				GCC_C_LANGUAGE_STANDARD = gnu99;
				GCC_NO_COMMON_BLOCKS = YES;
				GCC_WARN_64_TO_32_BIT_CONVERSION = YES;
				GCC_WARN_ABOUT_RETURN_TYPE = YES_ERROR;
				GCC_WARN_UNDECLARED_SELECTOR = YES;
				GCC_WARN_UNINITIALIZED_AUTOS = YES_AGGRESSIVE;
				GCC_WARN_UNUSED_FUNCTION = YES;
				GCC_WARN_UNUSED_VARIABLE = YES;
				IPHONEOS_DEPLOYMENT_TARGET = 10.0;
				MTL_ENABLE_DEBUG_INFO = NO;
				SDKROOT = iphoneos;
				SWIFT_OPTIMIZATION_LEVEL = "-Owholemodule";
				TARGETED_DEVICE_FAMILY = "1,2";
				VALIDATE_PRODUCT = YES;
			};
			name = Release;
		};
		84259E1F1D9219E80098919D /* Debug */ = {
			isa = XCBuildConfiguration;
			buildSettings = {
				ASSETCATALOG_COMPILER_APPICON_NAME = AppIcon;
				DEVELOPMENT_TEAM = 34CXDU7686;
				INFOPLIST_FILE = sandbox/Info.plist;
				LD_RUNPATH_SEARCH_PATHS = "$(inherited) @executable_path/Frameworks";
				PRODUCT_BUNDLE_IDENTIFIER = parspicks.sandbox;
				PRODUCT_NAME = "$(TARGET_NAME)";
				SWIFT_VERSION = 3.0;
			};
			name = Debug;
		};
		84259E201D9219E80098919D /* Release */ = {
			isa = XCBuildConfiguration;
			buildSettings = {
				ASSETCATALOG_COMPILER_APPICON_NAME = AppIcon;
				DEVELOPMENT_TEAM = 34CXDU7686;
				INFOPLIST_FILE = sandbox/Info.plist;
				LD_RUNPATH_SEARCH_PATHS = "$(inherited) @executable_path/Frameworks";
				PRODUCT_BUNDLE_IDENTIFIER = parspicks.sandbox;
				PRODUCT_NAME = "$(TARGET_NAME)";
				SWIFT_VERSION = 3.0;
			};
			name = Release;
		};
		84259E221D9219E80098919D /* Debug */ = {
			isa = XCBuildConfiguration;
			buildSettings = {
				ALWAYS_EMBED_SWIFT_STANDARD_LIBRARIES = YES;
				BUNDLE_LOADER = "$(TEST_HOST)";
				DEVELOPMENT_TEAM = 34CXDU7686;
				INFOPLIST_FILE = sandboxTests/Info.plist;
				LD_RUNPATH_SEARCH_PATHS = "$(inherited) @executable_path/Frameworks @loader_path/Frameworks";
				PRODUCT_BUNDLE_IDENTIFIER = parspicks.sandboxTests;
				PRODUCT_NAME = "$(TARGET_NAME)";
				SWIFT_VERSION = 3.0;
				TEST_HOST = "$(BUILT_PRODUCTS_DIR)/sandbox.app/sandbox";
			};
			name = Debug;
		};
		84259E231D9219E80098919D /* Release */ = {
			isa = XCBuildConfiguration;
			buildSettings = {
				ALWAYS_EMBED_SWIFT_STANDARD_LIBRARIES = YES;
				BUNDLE_LOADER = "$(TEST_HOST)";
				DEVELOPMENT_TEAM = 34CXDU7686;
				INFOPLIST_FILE = sandboxTests/Info.plist;
				LD_RUNPATH_SEARCH_PATHS = "$(inherited) @executable_path/Frameworks @loader_path/Frameworks";
				PRODUCT_BUNDLE_IDENTIFIER = parspicks.sandboxTests;
				PRODUCT_NAME = "$(TARGET_NAME)";
				SWIFT_VERSION = 3.0;
				TEST_HOST = "$(BUILT_PRODUCTS_DIR)/sandbox.app/sandbox";
			};
			name = Release;
		};
/* End XCBuildConfiguration section */

/* Begin XCConfigurationList section */
		84259DFC1D9219E80098919D /* Build configuration list for PBXProject "sandbox" */ = {
			isa = XCConfigurationList;
			buildConfigurations = (
				84259E1C1D9219E80098919D /* Debug */,
				84259E1D1D9219E80098919D /* Release */,
			);
			defaultConfigurationIsVisible = 0;
			defaultConfigurationName = Release;
		};
		84259E1E1D9219E80098919D /* Build configuration list for PBXNativeTarget "sandbox" */ = {
			isa = XCConfigurationList;
			buildConfigurations = (
				84259E1F1D9219E80098919D /* Debug */,
				84259E201D9219E80098919D /* Release */,
			);
			defaultConfigurationIsVisible = 0;
		};
		84259E211D9219E80098919D /* Build configuration list for PBXNativeTarget "sandboxTests" */ = {
			isa = XCConfigurationList;
			buildConfigurations = (
				84259E221D9219E80098919D /* Debug */,
				84259E231D9219E80098919D /* Release */,
			);
			defaultConfigurationIsVisible = 0;
		};
/* End XCConfigurationList section */
	};
	rootObject = 84259DF91D9219E80098919D /* Project object */;
}
